{
    "_readme": [
        "This file locks the dependencies of your project to a known state",
        "Read more about it at https://getcomposer.org/doc/01-basic-usage.md#installing-dependencies",
        "This file is @generated automatically"
    ],
    "content-hash": "c662be3f6eff6f8fa9e6be4df653a69b",
    "packages": [
        {
            "name": "sholokhov/bitrix-option",
            "version": "1.0.1",
            "source": {
                "type": "git",
                "url": "https://github.com/Sholokhov99/bitrix-option.git",
                "reference": "6ce87167aafe861e2c6a4dc1ac347ddcca1e8d90"
            },
            "dist": {
                "type": "zip",
                "url": "https://api.github.com/repos/Sholokhov99/bitrix-option/zipball/6ce87167aafe861e2c6a4dc1ac347ddcca1e8d90",
                "reference": "6ce87167aafe861e2c6a4dc1ac347ddcca1e8d90",
                "shasum": ""
            },
            "require": {
                "php": "^8.2"
            },
            "type": "library",
            "autoload": {
                "psr-4": {
                    "Sholokhov\\BitrixOption\\": "src"
                }
            },
            "notification-url": "https://packagist.org/downloads/",
            "license": [
                "MIT"
            ],
            "authors": [
                {
                    "name": "Daniil Sholokhov",
                    "email": "sholokhov.daniil@gmail.com"
                }
            ],
            "keywords": [
                "b_option",
                "bitrix",
                "options"
            ],
            "support": {
                "issues": "https://github.com/Sholokhov99/bitrix-option/issues",
                "source": "https://github.com/Sholokhov99/bitrix-option/tree/1.0.1"
            },
            "time": "2024-08-18T04:35:38+00:00"
        }
    ],
    "packages-dev": [],
    "aliases": [],
    "minimum-stability": "stable",
    "stability-flags": [],
    "prefer-stable": false,
    "prefer-lowest": false,
    "platform": {
        "php": "^8.2"
    },
    "platform-dev": [],
    "plugin-api-version": "2.3.0"
}
